
Microsoft Visual Studio Solution File, Format Version 12.00
# Visual Studio Version 16
VisualStudioVersion = 16.0.31729.503
MinimumVisualStudioVersion = 10.0.40219.1
Project("{FAE04EC0-301F-11D3-BF4B-00C04F79EFBC}") = "WebAppLocadora", "WebAppLocadora\WebAppLocadora.csproj", "{CEDA6EEE-C09F-4873-A471-44D1DD0B1435}"
EndProject
Global
	GlobalSection(SolutionConfigurationPlatforms) = preSolution
		Debug|Any CPU = Debug|Any CPU
		Release|Any CPU = Release|Any CPU
	EndGlobalSection
	GlobalSection(ProjectConfigurationPlatforms) = postSolution
		{CEDA6EEE-C09F-4873-A471-44D1DD0B1435}.Debug|Any CPU.ActiveCfg = Debug|Any CPU
		{CEDA6EEE-C09F-4873-A471-44D1DD0B1435}.Debug|Any CPU.Build.0 = Debug|Any CPU
		{CEDA6EEE-C09F-4873-A471-44D1DD0B1435}.Release|Any CPU.ActiveCfg = Release|Any CPU
		{CEDA6EEE-C09F-4873-A471-44D1DD0B1435}.Release|Any CPU.Build.0 = Release|Any CPU
	EndGlobalSection
	GlobalSection(SolutionProperties) = preSolution
		HideSolutionNode = FALSE
	EndGlobalSection
	GlobalSection(ExtensibilityGlobals) = postSolution
		SolutionGuid = {772AD4F5-FE94-49BC-BF4D-4E7A428AB07E}
	EndGlobalSection
EndGlobal
